
Microsoft Visual Studio Solution File, Format Version 12.00
# Visual Studio 2012
Project("{FAE04EC0-301F-11D3-BF4B-00C04F79EFBC}") = "Bitmex", "Bitmex\Bitmex.csproj", "{F10DC935-58DB-4674-AF2A-7B2014E4C255}"
EndProject
Global
	GlobalSection(SolutionConfigurationPlatforms) = preSolution
		Debug|Any CPU = Debug|Any CPU
		Release|Any CPU = Release|Any CPU
	EndGlobalSection
	GlobalSection(ProjectConfigurationPlatforms) = postSolution
		{F10DC935-58DB-4674-AF2A-7B2014E4C255}.Debug|Any CPU.ActiveCfg = Debug|Any CPU
		{F10DC935-58DB-4674-AF2A-7B2014E4C255}.Debug|Any CPU.Build.0 = Debug|Any CPU
		{F10DC935-58DB-4674-AF2A-7B2014E4C255}.Release|Any CPU.ActiveCfg = Release|Any CPU
		{F10DC935-58DB-4674-AF2A-7B2014E4C255}.Release|Any CPU.Build.0 = Release|Any CPU
	EndGlobalSection
EndGlobal
